
Microsoft Visual Studio Solution File, Format Version 12.00
# Visual Studio Version 17
VisualStudioVersion = 17.8.34408.163
MinimumVisualStudioVersion = 10.0.40219.1
Project("{FAE04EC0-301F-11D3-BF4B-00C04F79EFBC}") = "Homework3", "Homework3\Homework3.csproj", "{5D6F32CB-B204-4068-BCA9-7F14CF62FA6D}"
EndProject
Global
	GlobalSection(SolutionConfigurationPlatforms) = preSolution
		Debug|Any CPU = Debug|Any CPU
		Release|Any CPU = Release|Any CPU
	EndGlobalSection
	GlobalSection(ProjectConfigurationPlatforms) = postSolution
		{5D6F32CB-B204-4068-BCA9-7F14CF62FA6D}.Debug|Any CPU.ActiveCfg = Debug|Any CPU
		{5D6F32CB-B204-4068-BCA9-7F14CF62FA6D}.Debug|Any CPU.Build.0 = Debug|Any CPU
		{5D6F32CB-B204-4068-BCA9-7F14CF62FA6D}.Release|Any CPU.ActiveCfg = Release|Any CPU
		{5D6F32CB-B204-4068-BCA9-7F14CF62FA6D}.Release|Any CPU.Build.0 = Release|Any CPU
	EndGlobalSection
	GlobalSection(SolutionProperties) = preSolution
		HideSolutionNode = FALSE
	EndGlobalSection
	GlobalSection(ExtensibilityGlobals) = postSolution
		SolutionGuid = {72CF6B5D-B268-41F1-BB4B-D570D747108E}
	EndGlobalSection
EndGlobal
